
Microsoft Visual Studio Solution File, Format Version 12.00
# Visual Studio Version 17
VisualStudioVersion = 17.10.35013.160
MinimumVisualStudioVersion = 10.0.40219.1
Project("{FAE04EC0-301F-11D3-BF4B-00C04F79EFBC}") = "SaprArt.Test.Core", "SaprArt.Test.Core\SaprArt.Test.Core.csproj", "{805DC709-CE3F-4358-8E06-8319877C0FC1}"
EndProject
Project("{2150E333-8FDC-42A3-9474-1A3956D46DE8}") = "Solution Items", "Solution Items", "{5BA4B1F7-AF80-44BE-B795-5806382A70A2}"
	ProjectSection(SolutionItems) = preProject
		.editorconfig = .editorconfig
		README.md = README.md
		test_case.jpg = test_case.jpg
	EndProjectSection
EndProject
Project("{FAE04EC0-301F-11D3-BF4B-00C04F79EFBC}") = "SaprArt.Test.Core.Tests", "SaprArt.Test.Core.Tests\SaprArt.Test.Core.Tests.csproj", "{60CFF068-5435-4F12-89BB-64FB200119E9}"
EndProject
Project("{FAE04EC0-301F-11D3-BF4B-00C04F79EFBC}") = "SaprArt.Test.Cli", "SaprArt.Test.Cli\SaprArt.Test.Cli.csproj", "{62314FBA-41AE-4698-A0FF-51624E6AFCDE}"
EndProject
Global
	GlobalSection(SolutionConfigurationPlatforms) = preSolution
		Debug|Any CPU = Debug|Any CPU
		Release|Any CPU = Release|Any CPU
	EndGlobalSection
	GlobalSection(ProjectConfigurationPlatforms) = postSolution
		{805DC709-CE3F-4358-8E06-8319877C0FC1}.Debug|Any CPU.ActiveCfg = Debug|Any CPU
		{805DC709-CE3F-4358-8E06-8319877C0FC1}.Debug|Any CPU.Build.0 = Debug|Any CPU
		{805DC709-CE3F-4358-8E06-8319877C0FC1}.Release|Any CPU.ActiveCfg = Release|Any CPU
		{805DC709-CE3F-4358-8E06-8319877C0FC1}.Release|Any CPU.Build.0 = Release|Any CPU
		{60CFF068-5435-4F12-89BB-64FB200119E9}.Debug|Any CPU.ActiveCfg = Debug|Any CPU
		{60CFF068-5435-4F12-89BB-64FB200119E9}.Debug|Any CPU.Build.0 = Debug|Any CPU
		{60CFF068-5435-4F12-89BB-64FB200119E9}.Release|Any CPU.ActiveCfg = Release|Any CPU
		{60CFF068-5435-4F12-89BB-64FB200119E9}.Release|Any CPU.Build.0 = Release|Any CPU
		{62314FBA-41AE-4698-A0FF-51624E6AFCDE}.Debug|Any CPU.ActiveCfg = Debug|Any CPU
		{62314FBA-41AE-4698-A0FF-51624E6AFCDE}.Debug|Any CPU.Build.0 = Debug|Any CPU
		{62314FBA-41AE-4698-A0FF-51624E6AFCDE}.Release|Any CPU.ActiveCfg = Release|Any CPU
		{62314FBA-41AE-4698-A0FF-51624E6AFCDE}.Release|Any CPU.Build.0 = Release|Any CPU
	EndGlobalSection
	GlobalSection(SolutionProperties) = preSolution
		HideSolutionNode = FALSE
	EndGlobalSection
	GlobalSection(ExtensibilityGlobals) = postSolution
		SolutionGuid = {8F02B46C-A627-4F66-9B5E-00E1D32FB31F}
	EndGlobalSection
EndGlobal
